<?xml version="1.0" encoding="UTF-8"?>
<CONFIG>
  <ProjectOptions>
    <Version Value="12"/>
    <General>
      <Flags>
        <CompatibilityMode Value="True"/>
      </Flags>
      <Title Value="Clock2"/>
      <UseXPManifest Value="True"/>
      <Icon Value="0"/>
    </General>
    <VersionInfo>
      <Language Value=""/>
      <CharSet Value=""/>
    </VersionInfo>
    <BuildModes Count="4" Active="x64">
      <Item1 Name="debug" Default="True"/>
      <Item2 Name="i386">
        <CompilerOptions>
          <Version Value="11"/>
          <SearchPaths>
            <IncludeFiles Value="$(ProjOutDir)"/>
            <UnitOutputDirectory Value="buildx86"/>
          </SearchPaths>
          <Parsing>
            <SyntaxOptions>
              <SyntaxMode Value="Delphi"/>
              <UseAnsiStrings Value="False"/>
            </SyntaxOptions>
          </Parsing>
          <CodeGeneration>
            <SmartLinkUnit Value="True"/>
            <RelocatableUnit Value="True"/>
            <TargetCPU Value="i386"/>
            <Optimizations>
              <OptimizationLevel Value="3"/>
              <VariablesInRegisters Value="True"/>
            </Optimizations>
          </CodeGeneration>
          <Linking>
            <Debugging>
              <GenerateDebugInfo Value="False"/>
              <UseLineInfoUnit Value="False"/>
              <StripSymbols Value="True"/>
            </Debugging>
            <LinkSmart Value="True"/>
          </Linking>
        </CompilerOptions>
      </Item2>
      <Item3 Name="x64">
        <CompilerOptions>
          <Version Value="11"/>
          <SearchPaths>
            <IncludeFiles Value="$(ProjOutDir)"/>
            <UnitOutputDirectory Value="buildx64"/>
          </SearchPaths>
          <Parsing>
            <SyntaxOptions>
              <SyntaxMode Value="Delphi"/>
              <UseAnsiStrings Value="False"/>
            </SyntaxOptions>
          </Parsing>
          <CodeGeneration>
            <SmartLinkUnit Value="True"/>
            <StackSize Value="1048576"/>
            <TargetCPU Value="x86_64"/>
            <Optimizations>
              <OptimizationLevel Value="3"/>
              <VariablesInRegisters Value="True"/>
            </Optimizations>
          </CodeGeneration>
          <Linking>
            <Debugging>
              <GenerateDebugInfo Value="False"/>
              <UseLineInfoUnit Value="False"/>
            </Debugging>
            <LinkSmart Value="True"/>
          </Linking>
        </CompilerOptions>
      </Item3>
      <Item4 Name="arm64">
        <CompilerOptions>
          <Version Value="11"/>
          <SearchPaths>
            <IncludeFiles Value="$(ProjOutDir)"/>
            <UnitOutputDirectory Value="buildarm64"/>
          </SearchPaths>
          <Parsing>
            <SyntaxOptions>
              <SyntaxMode Value="Delphi"/>
              <UseAnsiStrings Value="False"/>
            </SyntaxOptions>
          </Parsing>
          <CodeGeneration>
            <SmartLinkUnit Value="True"/>
            <StackSize Value="1048576"/>
            <Optimizations>
              <VariablesInRegisters Value="True"/>
            </Optimizations>
          </CodeGeneration>
          <Linking>
            <Debugging>
              <GenerateDebugInfo Value="False"/>
              <UseLineInfoUnit Value="False"/>
            </Debugging>
            <LinkSmart Value="True"/>
          </Linking>
        </CompilerOptions>
      </Item4>
    </BuildModes>
    <PublishOptions>
      <Version Value="2"/>
    </PublishOptions>
    <RunParams>
      <FormatVersion Value="2"/>
      <Modes Count="1">
        <Mode0 Name="default"/>
      </Modes>
    </RunParams>
    <RequiredPackages Count="4">
      <Item1>
        <PackageName Value="laz_synapse"/>
      </Item1>
      <Item2>
        <PackageName Value="lnetbase"/>
      </Item2>
      <Item3>
        <PackageName Value="FCL"/>
        <MinVersion Major="1" Valid="True"/>
      </Item3>
      <Item4>
        <PackageName Value="LCL"/>
      </Item4>
    </RequiredPackages>
    <Units Count="71">
      <Unit0>
        <Filename Value="Clock2.lpr"/>
        <IsPartOfProject Value="True"/>
        <EditorIndex Value="-1"/>
        <TopLine Value="12"/>
        <CursorPos Y="24"/>
        <UsageCount Value="225"/>
        <DefaultSyntaxHighlighter Value="Delphi"/>
      </Unit0>
      <Unit1>
        <Filename Value="pictures.pas"/>
        <IsPartOfProject Value="True"/>
        <ComponentName Value="frmPictures"/>
        <HasResources Value="True"/>
        <ResourceBaseClass Value="Form"/>
        <UnitName Value="Pictures"/>
        <EditorIndex Value="-1"/>
        <TopLine Value="64"/>
        <CursorPos X="53" Y="94"/>
        <UsageCount Value="225"/>
        <DefaultSyntaxHighlighter Value="Delphi"/>
      </Unit1>
      <Unit2>
        <Filename Value="findthread.pas"/>
        <IsPartOfProject Value="True"/>
        <UnitName Value="FindThread"/>
        <TopLine Value="81"/>
        <CursorPos Y="104"/>
        <UsageCount Value="217"/>
        <DefaultSyntaxHighlighter Value="Delphi"/>
      </Unit2>
      <Unit3>
        <Filename Value="settings.pas"/>
        <IsPartOfProject Value="True"/>
        <ComponentName Value="frmSettings"/>
        <HasResources Value="True"/>
        <ResourceBaseClass Value="Form"/>
        <UnitName Value="Settings"/>
        <EditorIndex Value="-1"/>
        <TopLine Value="96"/>
        <CursorPos X="60" Y="106"/>
        <UsageCount Value="200"/>
        <DefaultSyntaxHighlighter Value="Delphi"/>
      </Unit3>
      <Unit4>
        <Filename Value="alarm.pas"/>
        <IsPartOfProject Value="True"/>
        <EditorIndex Value="-1"/>
        <TopLine Value="53"/>
        <CursorPos X="34" Y="71"/>
        <UsageCount Value="207"/>
        <DefaultSyntaxHighlighter Value="Delphi"/>
      </Unit4>
      <Unit5>
        <Filename Value="clockmain.pas"/>
        <IsPartOfProject Value="True"/>
        <ComponentName Value="frmClockMain"/>
        <HasResources Value="True"/>
        <ResourceBaseClass Value="Form"/>
        <UnitName Value="ClockMain"/>
        <IsVisibleTab Value="True"/>
        <UsageCount Value="207"/>
        <Loaded Value="True"/>
      </Unit5>
      <Unit6>
        <Filename Value="metoffice.pas"/>
        <IsPartOfProject Value="True"/>
        <UnitName Value="MetOffice"/>
        <TopLine Value="197"/>
        <CursorPos X="15" Y="197"/>
        <UsageCount Value="207"/>
        <DefaultSyntaxHighlighter Value="Delphi"/>
      </Unit6>
      <Unit7>
        <Filename Value="reminders.pas"/>
        <IsPartOfProject Value="True"/>
        <ComponentName Value="frmReminders"/>
        <HasResources Value="True"/>
        <ResourceBaseClass Value="Form"/>
        <UnitName Value="Reminders"/>
        <EditorIndex Value="5"/>
        <UsageCount Value="203"/>
        <Loaded Value="True"/>
      </Unit7>
      <Unit8>
        <Filename Value="findpicsthread.pas"/>
        <IsPartOfProject Value="True"/>
        <UnitName Value="FindPicsThread"/>
        <EditorIndex Value="-1"/>
        <TopLine Value="23"/>
        <CursorPos X="13" Y="39"/>
        <UsageCount Value="212"/>
        <DefaultSyntaxHighlighter Value="Delphi"/>
      </Unit8>
      <Unit9>
        <Filename Value="udpserver.pas"/>
        <IsPartOfProject Value="True"/>
        <TopLine Value="129"/>
        <CursorPos X="13" Y="129"/>
        <UsageCount Value="213"/>
        <DefaultSyntaxHighlighter Value="Delphi"/>
      </Unit9>
      <Unit10>
        <Filename Value="musicplayer.pas"/>
        <IsPartOfProject Value="True"/>
        <UnitName Value="MusicPlayer"/>
        <EditorIndex Value="4"/>
        <TopLine Value="450"/>
        <CursorPos X="42" Y="455"/>
        <UsageCount Value="212"/>
        <Loaded Value="True"/>
      </Unit10>
      <Unit11>
        <Filename Value="reminderlist.pas"/>
        <IsPartOfProject Value="True"/>
        <ComponentName Value="frmReminderList"/>
        <HasResources Value="True"/>
        <ResourceBaseClass Value="Form"/>
        <UnitName Value="ReminderList"/>
        <EditorIndex Value="-1"/>
        <TopLine Value="94"/>
        <CursorPos X="14" Y="110"/>
        <UsageCount Value="212"/>
        <DefaultSyntaxHighlighter Value="Delphi"/>
      </Unit11>
      <Unit12>
        <Filename Value="commandserver.pas"/>
        <IsPartOfProject Value="True"/>
        <EditorIndex Value="8"/>
        <TopLine Value="85"/>
        <CursorPos X="10" Y="90"/>
        <UsageCount Value="212"/>
        <Loaded Value="True"/>
      </Unit12>
      <Unit13>
        <Filename Value="music.pas"/>
        <IsPartOfProject Value="True"/>
        <EditorIndex Value="3"/>
        <TopLine Value="360"/>
        <CursorPos X="46" Y="370"/>
        <UsageCount Value="212"/>
        <Loaded Value="True"/>
      </Unit13>
      <Unit14>
        <Filename Value="black.pas"/>
        <ComponentName Value="frmBlack"/>
        <HasResources Value="True"/>
        <ResourceBaseClass Value="Form"/>
        <TopLine Value="13"/>
        <CursorPos Y="36"/>
        <UsageCount Value="182"/>
        <DefaultSyntaxHighlighter Value="Delphi"/>
      </Unit14>
      <Unit15>
        <Filename Value="sync.pas"/>
        <IsPartOfProject Value="True"/>
        <EditorIndex Value="-1"/>
        <TopLine Value="38"/>
        <CursorPos X="32" Y="48"/>
        <UsageCount Value="212"/>
        <DefaultSyntaxHighlighter Value="Delphi"/>
      </Unit15>
      <Unit16>
        <Filename Value="udpclient.pas"/>
        <IsPartOfProject Value="True"/>
        <EditorIndex Value="6"/>
        <TopLine Value="85"/>
        <CursorPos X="72" Y="13"/>
        <UsageCount Value="212"/>
        <Loaded Value="True"/>
      </Unit16>
      <Unit17>
        <Filename Value="waitformedia.pas"/>
        <IsPartOfProject Value="True"/>
        <ComponentName Value="frmWaitForMedia"/>
        <HasResources Value="True"/>
        <ResourceBaseClass Value="Form"/>
        <UnitName Value="WaitForMedia"/>
        <UsageCount Value="205"/>
        <DefaultSyntaxHighlighter Value="Delphi"/>
      </Unit17>
      <Unit18>
        <Filename Value="playlistcreator.pas"/>
        <IsPartOfProject Value="True"/>
        <ComponentName Value="frmPlaylist"/>
        <HasResources Value="True"/>
        <ResourceBaseClass Value="Form"/>
        <UnitName Value="PlaylistCreator"/>
        <EditorIndex Value="-1"/>
        <TopLine Value="333"/>
        <CursorPos X="30" Y="353"/>
        <UsageCount Value="200"/>
        <DefaultSyntaxHighlighter Value="Delphi"/>
      </Unit18>
      <Unit19>
        <Filename Value="touchlist.pas"/>
        <IsPartOfProject Value="True"/>
        <UnitName Value="TouchList"/>
        <EditorIndex Value="-1"/>
        <CursorPos X="11" Y="8"/>
        <UsageCount Value="200"/>
        <DefaultSyntaxHighlighter Value="Delphi"/>
      </Unit19>
      <Unit20>
        <Filename Value="uniqueinstanceraw.pas"/>
        <UnitName Value="UniqueInstanceRaw"/>
        <TopLine Value="47"/>
        <CursorPos X="98" Y="55"/>
        <UsageCount Value="29"/>
        <DefaultSyntaxHighlighter Value="Delphi"/>
      </Unit20>
      <Unit21>
        <Filename Value="/usr/share/fpcsrc/2.6.0/rtl/objpas/sysutils/datih.inc"/>
        <TopLine Value="95"/>
        <CursorPos X="10" Y="109"/>
        <UsageCount Value="19"/>
        <DefaultSyntaxHighlighter Value="Delphi"/>
      </Unit21>
      <Unit22>
        <Filename Value="datetime.pas"/>
        <IsPartOfProject Value="True"/>
        <UnitName Value="DateTime"/>
        <TopLine Value="41"/>
        <CursorPos X="37" Y="41"/>
        <UsageCount Value="203"/>
        <DefaultSyntaxHighlighter Value="Delphi"/>
      </Unit22>
      <Unit23>
        <Filename Value="sourcepicker.pas"/>
        <IsPartOfProject Value="True"/>
        <ComponentName Value="frmSourcePicker"/>
        <HasResources Value="True"/>
        <ResourceBaseClass Value="Form"/>
        <UnitName Value="SourcePicker"/>
        <TopLine Value="37"/>
        <CursorPos X="3" Y="25"/>
        <UsageCount Value="240"/>
        <DefaultSyntaxHighlighter Value="Delphi"/>
      </Unit23>
      <Unit24>
        <Filename Value="/usr/share/fpcsrc/2.6.0/rtl/objpas/classes/classesh.inc"/>
        <TopLine Value="1468"/>
        <CursorPos X="40" Y="1468"/>
        <UsageCount Value="4"/>
        <DefaultSyntaxHighlighter Value="Delphi"/>
      </Unit24>
      <Unit25>
        <Filename Value="synapse/source/lib/blcksock.pas"/>
        <EditorIndex Value="-1"/>
        <TopLine Value="346"/>
        <CursorPos X="15" Y="352"/>
        <UsageCount Value="120"/>
        <DefaultSyntaxHighlighter Value="Delphi"/>
      </Unit25>
      <Unit26>
        <Filename Value="connectionhealth.pas"/>
        <IsPartOfProject Value="True"/>
        <UnitName Value="ConnectionHealth"/>
        <EditorIndex Value="-1"/>
        <TopLine Value="8"/>
        <CursorPos X="32" Y="8"/>
        <UsageCount Value="201"/>
        <DefaultSyntaxHighlighter Value="Delphi"/>
      </Unit26>
      <Unit27>
        <Filename Value="synapse/source/lib/httpsend.pas"/>
        <TopLine Value="326"/>
        <CursorPos Y="357"/>
        <UsageCount Value="4"/>
        <DefaultSyntaxHighlighter Value="Delphi"/>
      </Unit27>
      <Unit28>
        <Filename Value="email.pas"/>
        <IsPartOfProject Value="True"/>
        <UnitName Value="Email"/>
        <EditorIndex Value="-1"/>
        <TopLine Value="164"/>
        <CursorPos Y="194"/>
        <UsageCount Value="201"/>
        <DefaultSyntaxHighlighter Value="Delphi"/>
      </Unit28>
      <Unit29>
        <Filename Value="lnet/lib/lcontainersh.inc"/>
        <CursorPos X="31" Y="17"/>
        <UsageCount Value="25"/>
        <DefaultSyntaxHighlighter Value="Delphi"/>
      </Unit29>
      <Unit30>
        <Filename Value="signalhandler.pas"/>
        <IsPartOfProject Value="True"/>
        <UnitName Value="SignalHandler"/>
        <EditorIndex Value="-1"/>
        <CursorPos X="42" Y="21"/>
        <UsageCount Value="201"/>
        <DefaultSyntaxHighlighter Value="Delphi"/>
      </Unit30>
      <Unit31>
        <Filename Value="/usr/share/fpcsrc/2.6.2/rtl/objpas/classes/classesh.inc"/>
        <TopLine Value="907"/>
        <CursorPos X="14" Y="926"/>
        <UsageCount Value="5"/>
        <DefaultSyntaxHighlighter Value="Delphi"/>
      </Unit31>
      <Unit32>
        <Filename Value="equaliser.pas"/>
        <IsPartOfProject Value="True"/>
        <ComponentName Value="frmEqualiser"/>
        <HasResources Value="True"/>
        <ResourceBaseClass Value="Form"/>
        <TopLine Value="114"/>
        <CursorPos X="8" Y="124"/>
        <UsageCount Value="200"/>
        <DefaultSyntaxHighlighter Value="Delphi"/>
      </Unit32>
      <Unit33>
        <Filename Value="discoverserver.pas"/>
        <IsPartOfProject Value="True"/>
        <UnitName Value="DiscoverServer"/>
        <EditorIndex Value="9"/>
        <TopLine Value="70"/>
        <CursorPos X="60" Y="15"/>
        <UsageCount Value="274"/>
        <Loaded Value="True"/>
      </Unit33>
      <Unit34>
        <Filename Value="/usr/share/fpcsrc/2.6.2/packages/fcl-process/src/process.pp"/>
        <TopLine Value="9"/>
        <CursorPos X="48" Y="25"/>
        <UsageCount Value="4"/>
        <DefaultSyntaxHighlighter Value="Delphi"/>
      </Unit34>
      <Unit35>
        <Filename Value="/usr/share/fpcsrc/2.6.2/rtl/objpas/objpas.pp"/>
        <TopLine Value="277"/>
        <CursorPos X="33" Y="84"/>
        <UsageCount Value="4"/>
        <DefaultSyntaxHighlighter Value="Delphi"/>
      </Unit35>
      <Unit36>
        <Filename Value="mplayereq.pas"/>
        <IsPartOfProject Value="True"/>
        <ComponentName Value="frmMplayerEQ"/>
        <HasResources Value="True"/>
        <ResourceBaseClass Value="Form"/>
        <TopLine Value="125"/>
        <CursorPos X="19" Y="136"/>
        <UsageCount Value="201"/>
        <DefaultSyntaxHighlighter Value="Delphi"/>
      </Unit36>
      <Unit37>
        <Filename Value="ID3v2Library.pas"/>
        <TopLine Value="1569"/>
        <CursorPos X="45" Y="1571"/>
        <UsageCount Value="8"/>
        <DefaultSyntaxHighlighter Value="Delphi"/>
      </Unit37>
      <Unit38>
        <Filename Value="mpd.pas"/>
        <IsPartOfProject Value="True"/>
        <EditorIndex Value="-1"/>
        <CursorPos X="12" Y="10"/>
        <UsageCount Value="200"/>
        <DefaultSyntaxHighlighter Value="Delphi"/>
      </Unit38>
      <Unit39>
        <Filename Value="radiostations.pas"/>
        <IsPartOfProject Value="True"/>
        <ComponentName Value="frmRadioStations"/>
        <HasResources Value="True"/>
        <ResourceBaseClass Value="Form"/>
        <UnitName Value="RadioStations"/>
        <EditorIndex Value="-1"/>
        <TopLine Value="39"/>
        <CursorPos X="27" Y="49"/>
        <UsageCount Value="200"/>
        <DefaultSyntaxHighlighter Value="Delphi"/>
      </Unit39>
      <Unit40>
        <Filename Value="lnet/lib/lnet.pp"/>
        <UnitName Value="lNet"/>
        <EditorIndex Value="-1"/>
        <TopLine Value="769"/>
        <CursorPos X="30" Y="784"/>
        <UsageCount Value="62"/>
        <DefaultSyntaxHighlighter Value="Delphi"/>
      </Unit40>
      <Unit41>
        <Filename Value="/usr/share/fpcsrc/3.0.2/packages/fcl-process/src/process.pp"/>
        <TopLine Value="148"/>
        <UsageCount Value="4"/>
        <DefaultSyntaxHighlighter Value="Delphi"/>
      </Unit41>
      <Unit42>
        <Filename Value="/usr/share/fpcsrc/3.0.2/rtl/unix/unix.pp"/>
        <UnitName Value="Unix"/>
        <TopLine Value="178"/>
        <CursorPos X="18" Y="92"/>
        <UsageCount Value="5"/>
        <DefaultSyntaxHighlighter Value="Delphi"/>
      </Unit42>
      <Unit43>
        <Filename Value="../../../Programs/lazarus/components/lnet/lazaruspackage/lclnet.pas"/>
        <UnitName Value="LCLNet"/>
        <EditorIndex Value="-1"/>
        <TopLine Value="15"/>
        <CursorPos X="3" Y="31"/>
        <UsageCount Value="4"/>
        <DefaultSyntaxHighlighter Value="Delphi"/>
      </Unit43>
      <Unit44>
        <Filename Value="/usr/share/fpcsrc/3.0.2/packages/fcl-web/src/base/fphttpclient.pp"/>
        <EditorIndex Value="-1"/>
        <TopLine Value="308"/>
        <CursorPos X="6" Y="324"/>
        <UsageCount Value="4"/>
        <DefaultSyntaxHighlighter Value="Delphi"/>
      </Unit44>
      <Unit45>
        <Filename Value="lnet/lib/lmimewrapper.pp"/>
        <UnitName Value="lMimeWrapper"/>
        <EditorIndex Value="-1"/>
        <TopLine Value="582"/>
        <CursorPos X="12" Y="629"/>
        <UsageCount Value="4"/>
        <DefaultSyntaxHighlighter Value="Delphi"/>
      </Unit45>
      <Unit46>
        <Filename Value="/usr/share/fpcsrc/3.0.4/packages/fcl-process/src/process.pp"/>
        <EditorIndex Value="-1"/>
        <TopLine Value="167"/>
        <CursorPos X="10" Y="182"/>
        <UsageCount Value="4"/>
      </Unit46>
      <Unit47>
        <Filename Value="exceptionhandler.pas"/>
        <IsPartOfProject Value="True"/>
        <UnitName Value="ExceptionHandler"/>
        <EditorIndex Value="-1"/>
        <TopLine Value="24"/>
        <CursorPos X="3" Y="39"/>
        <UsageCount Value="107"/>
        <DefaultSyntaxHighlighter Value="Delphi"/>
      </Unit47>
      <Unit48>
        <Filename Value="/usr/share/fpcsrc/3.0.4/packages/fcl-base/src/custapp.pp"/>
        <UnitName Value="CustApp"/>
        <EditorIndex Value="-1"/>
        <TopLine Value="13"/>
        <CursorPos X="3" Y="25"/>
        <UsageCount Value="6"/>
      </Unit48>
      <Unit49>
        <Filename Value="/usr/share/fpcsrc/3.0.4/packages/fcl-base/src/inifiles.pp"/>
        <UnitName Value="IniFiles"/>
        <EditorIndex Value="-1"/>
        <TopLine Value="170"/>
        <CursorPos X="3" Y="143"/>
        <UsageCount Value="6"/>
      </Unit49>
      <Unit50>
        <Filename Value="webcontrol.pas"/>
        <IsPartOfProject Value="True"/>
        <EditorIndex Value="-1"/>
        <TopLine Value="141"/>
        <CursorPos X="5" Y="156"/>
        <UsageCount Value="102"/>
        <DefaultSyntaxHighlighter Value="Delphi"/>
      </Unit50>
      <Unit51>
        <Filename Value="synapse/source/lib/synautil.pas"/>
        <EditorIndex Value="-1"/>
        <TopLine Value="231"/>
        <CursorPos X="10" Y="246"/>
        <UsageCount Value="5"/>
        <DefaultSyntaxHighlighter Value="Delphi"/>
      </Unit51>
      <Unit52>
        <Filename Value="../RadioGaga/radiogaga.lpr"/>
        <EditorIndex Value="-1"/>
        <TopLine Value="34"/>
        <CursorPos X="28" Y="21"/>
        <UsageCount Value="5"/>
        <DefaultSyntaxHighlighter Value="Delphi"/>
      </Unit52>
      <Unit53>
        <Filename Value="../RadioGaga/commandserver.pas"/>
        <EditorIndex Value="-1"/>
        <TopLine Value="386"/>
        <CursorPos X="18" Y="402"/>
        <UsageCount Value="5"/>
        <DefaultSyntaxHighlighter Value="Delphi"/>
      </Unit53>
      <Unit54>
        <Filename Value="../RadioGaga/music.pas"/>
        <EditorIndex Value="-1"/>
        <TopLine Value="113"/>
        <CursorPos Y="113"/>
        <UsageCount Value="5"/>
        <DefaultSyntaxHighlighter Value="Delphi"/>
      </Unit54>
      <Unit55>
        <Filename Value="../RadioGaga/lnet/examples/console/lhttp/lhttpsettings.pp"/>
        <UnitName Value="lHTTPSettings"/>
        <EditorIndex Value="-1"/>
        <TopLine Value="147"/>
        <CursorPos X="25" Y="162"/>
        <UsageCount Value="5"/>
        <DefaultSyntaxHighlighter Value="Delphi"/>
      </Unit55>
      <Unit56>
        <Filename Value="/usr/share/fpcsrc/3.0.4/packages/fcl-base/src/syncobjs.pp"/>
        <EditorIndex Value="-1"/>
        <TopLine Value="94"/>
        <CursorPos Y="110"/>
        <UsageCount Value="5"/>
      </Unit56>
      <Unit57>
        <Filename Value="/usr/share/lazarus/2.0.4/lcl/lclproc.pas"/>
        <UnitName Value="LCLProc"/>
        <EditorIndex Value="-1"/>
        <TopLine Value="146"/>
        <CursorPos X="11" Y="161"/>
        <UsageCount Value="5"/>
      </Unit57>
      <Unit58>
        <Filename Value="../../../.lazarus/onlinepackagemanager/packages/lnet/lib/lsmtp.pp"/>
        <EditorIndex Value="-1"/>
        <TopLine Value="908"/>
        <CursorPos Y="925"/>
        <UsageCount Value="14"/>
        <DefaultSyntaxHighlighter Value="Delphi"/>
      </Unit58>
      <Unit59>
        <Filename Value="../../../.lazarus/onlinepackagemanager/packages/lnet/lib/lnet.pp"/>
        <UnitName Value="lNet"/>
        <EditorIndex Value="-1"/>
        <TopLine Value="1471"/>
        <CursorPos Y="1488"/>
        <UsageCount Value="14"/>
        <DefaultSyntaxHighlighter Value="Delphi"/>
      </Unit59>
      <Unit60>
        <Filename Value="../../../.lazarus/onlinepackagemanager/packages/lnet/lib/lnetssl.pp"/>
        <UnitName Value="lNetSSL"/>
        <EditorIndex Value="-1"/>
        <TopLine Value="577"/>
        <CursorPos Y="594"/>
        <UsageCount Value="14"/>
        <DefaultSyntaxHighlighter Value="Delphi"/>
      </Unit60>
      <Unit61>
        <Filename Value="../../../.lazarus/onlinepackagemanager/packages/lnet/lib/sys/lepolleventer.inc"/>
        <EditorIndex Value="-1"/>
        <TopLine Value="171"/>
        <CursorPos Y="199"/>
        <UsageCount Value="14"/>
        <DefaultSyntaxHighlighter Value="Delphi"/>
      </Unit61>
      <Unit62>
        <Filename Value="/usr/lib/lazarus/2.0.12/lcl/grids.pas"/>
        <UnitName Value="Grids"/>
        <EditorIndex Value="-1"/>
        <TopLine Value="2050"/>
        <CursorPos X="39" Y="2061"/>
        <UsageCount Value="7"/>
        <DefaultSyntaxHighlighter Value="Delphi"/>
      </Unit62>
      <Unit63>
        <Filename Value="commandserial.pas"/>
        <IsPartOfProject Value="True"/>
        <EditorIndex Value="7"/>
        <CursorPos X="72" Y="13"/>
        <UsageCount Value="67"/>
        <Loaded Value="True"/>
      </Unit63>
      <Unit64>
        <Filename Value="synapse/source/lib/pingsend.pas"/>
        <EditorIndex Value="-1"/>
        <TopLine Value="117"/>
        <CursorPos X="38" Y="131"/>
        <UsageCount Value="28"/>
        <DefaultSyntaxHighlighter Value="Delphi"/>
      </Unit64>
      <Unit65>
        <Filename Value="lnet.old/examples/console/lftp/lftpclient.pp"/>
        <UnitName Value="lFTPClient"/>
        <EditorIndex Value="-1"/>
        <TopLine Value="68"/>
        <CursorPos X="24" Y="68"/>
        <UsageCount Value="7"/>
        <DefaultSyntaxHighlighter Value="Delphi"/>
      </Unit65>
      <Unit66>
        <Filename Value="../../../.lazarus/onlinepackagemanager/packages/synapse40.1/synsock.pas"/>
        <EditorIndex Value="-1"/>
        <UsageCount Value="10"/>
        <DefaultSyntaxHighlighter Value="Delphi"/>
      </Unit66>
      <Unit67>
        <Filename Value="../../../.lazarus/onlinepackagemanager/packages/synapse40.1/blcksock.pas"/>
        <EditorIndex Value="-1"/>
        <TopLine Value="702"/>
        <CursorPos X="27" Y="692"/>
        <UsageCount Value="10"/>
        <DefaultSyntaxHighlighter Value="Delphi"/>
      </Unit67>
      <Unit68>
        <Filename Value="/usr/lib/lazarus/2.2.4/lcl/include/control.inc"/>
        <EditorIndex Value="-1"/>
        <TopLine Value="2813"/>
        <CursorPos X="64" Y="2835"/>
        <UsageCount Value="10"/>
        <DefaultSyntaxHighlighter Value="Delphi"/>
      </Unit68>
      <Unit69>
        <Filename Value="/usr/share/fpcsrc/3.2.2/packages/fcl-base/src/contnrs.pp"/>
        <UnitName Value="Contnrs"/>
        <EditorIndex Value="2"/>
        <TopLine Value="209"/>
        <CursorPos X="70" Y="225"/>
        <UsageCount Value="10"/>
        <Loaded Value="True"/>
      </Unit69>
      <Unit70>
        <Filename Value="/usr/share/fpcsrc/3.2.2/rtl/objpas/classes/classesh.inc"/>
        <EditorIndex Value="1"/>
        <TopLine Value="415"/>
        <CursorPos X="15" Y="439"/>
        <UsageCount Value="10"/>
        <Loaded Value="True"/>
      </Unit70>
    </Units>
    <JumpHistory Count="30" HistoryIndex="29">
      <Position1>
        <Filename Value="clockmain.pas"/>
        <Caret Line="2027" TopLine="1996"/>
      </Position1>
      <Position2>
        <Filename Value="clockmain.pas"/>
        <Caret Line="1823" Column="47" TopLine="1807"/>
      </Position2>
      <Position3>
        <Filename Value="clockmain.pas"/>
      </Position3>
      <Position4>
        <Filename Value="clockmain.pas"/>
        <Caret Line="218" Column="49" TopLine="209"/>
      </Position4>
      <Position5>
        <Filename Value="clockmain.pas"/>
      </Position5>
      <Position6>
        <Filename Value="clockmain.pas"/>
        <Caret Line="61" Column="22" TopLine="36"/>
      </Position6>
      <Position7>
        <Filename Value="clockmain.pas"/>
        <Caret Line="454" TopLine="428"/>
      </Position7>
      <Position8>
        <Filename Value="clockmain.pas"/>
        <Caret Line="463" TopLine="454"/>
      </Position8>
      <Position9>
        <Filename Value="clockmain.pas"/>
        <Caret Line="610" TopLine="587"/>
      </Position9>
      <Position10>
        <Filename Value="clockmain.pas"/>
        <Caret Line="593" Column="26" TopLine="587"/>
      </Position10>
      <Position11>
        <Filename Value="clockmain.pas"/>
        <Caret Line="25" Column="20"/>
      </Position11>
      <Position12>
        <Filename Value="clockmain.pas"/>
        <Caret Line="527" Column="62" TopLine="511"/>
      </Position12>
      <Position13>
        <Filename Value="clockmain.pas"/>
        <Caret Line="543" TopLine="528"/>
      </Position13>
      <Position14>
        <Filename Value="clockmain.pas"/>
        <Caret Line="414" Column="37" TopLine="397"/>
      </Position14>
      <Position15>
        <Filename Value="clockmain.pas"/>
        <Caret Line="1130" Column="31" TopLine="1104"/>
      </Position15>
      <Position16>
        <Filename Value="clockmain.pas"/>
        <Caret Line="18" Column="42" TopLine="2"/>
      </Position16>
      <Position17>
        <Filename Value="clockmain.pas"/>
        <Caret Line="885" Column="31" TopLine="860"/>
      </Position17>
      <Position18>
        <Filename Value="clockmain.pas"/>
        <Caret Line="147" Column="28" TopLine="133"/>
      </Position18>
      <Position19>
        <Filename Value="clockmain.pas"/>
        <Caret Line="553" Column="28" TopLine="532"/>
      </Position19>
      <Position20>
        <Filename Value="clockmain.pas"/>
        <Caret Line="549" Column="7" TopLine="534"/>
      </Position20>
      <Position21>
        <Filename Value="clockmain.pas"/>
        <Caret Line="551" Column="21" TopLine="534"/>
      </Position21>
      <Position22>
        <Filename Value="clockmain.pas"/>
        <Caret Line="560" Column="34" TopLine="539"/>
      </Position22>
      <Position23>
        <Filename Value="clockmain.pas"/>
        <Caret Line="556" Column="7" TopLine="541"/>
      </Position23>
      <Position24>
        <Filename Value="clockmain.pas"/>
        <Caret Line="565" Column="25" TopLine="552"/>
      </Position24>
      <Position25>
        <Filename Value="clockmain.pas"/>
        <Caret Line="25" Column="20"/>
      </Position25>
      <Position26>
        <Filename Value="clockmain.pas"/>
        <Caret Line="568" Column="49" TopLine="543"/>
      </Position26>
      <Position27>
        <Filename Value="clockmain.pas"/>
        <Caret Line="22" Column="59"/>
      </Position27>
      <Position28>
        <Filename Value="clockmain.pas"/>
        <Caret Line="573" Column="53" TopLine="549"/>
      </Position28>
      <Position29>
        <Filename Value="clockmain.pas"/>
        <Caret Line="572" Column="33" TopLine="550"/>
      </Position29>
      <Position30>
        <Filename Value="clockmain.pas"/>
        <Caret Line="545" Column="25" TopLine="532"/>
      </Position30>
    </JumpHistory>
  </ProjectOptions>
  <CompilerOptions>
    <Version Value="11"/>
    <SearchPaths>
      <IncludeFiles Value="$(ProjOutDir)"/>
      <UnitOutputDirectory Value="build"/>
    </SearchPaths>
    <Parsing>
      <SyntaxOptions>
        <SyntaxMode Value="Delphi"/>
        <UseAnsiStrings Value="False"/>
      </SyntaxOptions>
    </Parsing>
    <CodeGeneration>
      <StackSize Value="1048576"/>
    </CodeGeneration>
    <Linking>
      <Debugging>
        <DebugInfoType Value="dsStabs"/>
        <UseLineInfoUnit Value="False"/>
      </Debugging>
    </Linking>
    <Other>
      <CustomOptions Value="-gl"/>
    </Other>
  </CompilerOptions>
  <Debugging>
    <BreakPoints Count="1">
      <Item1>
        <Kind Value="bpkSource"/>
        <WatchScope Value="wpsLocal"/>
        <WatchKind Value="wpkWrite"/>
        <Source Value="clockmain.pas"/>
        <Line Value="1053"/>
      </Item1>
    </BreakPoints>
    <Exceptions Count="8">
      <Item1>
        <Name Value="EAbort"/>
      </Item1>
      <Item2>
        <Name Value="ECodetoolError"/>
      </Item2>
      <Item3>
        <Name Value="EFOpenError"/>
      </Item3>
      <Item4>
        <Name Value="EStringListError"/>
      </Item4>
      <Item5>
        <Name Value="EProcess"/>
      </Item5>
      <Item6>
        <Name Value="EIPCError"/>
      </Item6>
      <Item7>
        <Name Value="EAccessViolation"/>
      </Item7>
      <Item8>
        <Name Value="RunError(216)"/>
      </Item8>
    </Exceptions>
  </Debugging>
</CONFIG>
