<?xml version="1.0" encoding="UTF-8"?>
<CONFIG>
  <ProjectOptions>
    <Version Value="9"/>
    <General>
      <MainUnit Value="0"/>
      <Title Value="Clock2"/>
      <UseXPManifest Value="True"/>
      <Icon Value="0"/>
      <ActiveWindowIndexAtStart Value="0"/>
    </General>
    <VersionInfo>
      <Language Value=""/>
      <CharSet Value=""/>
      <StringTable ProductVersion=""/>
    </VersionInfo>
    <BuildModes Count="3" Active="x64">
      <Item1 Name="debug" Default="True"/>
      <Item2 Name="i386">
        <CompilerOptions>
          <Version Value="11"/>
          <SearchPaths>
            <IncludeFiles Value="$(ProjOutDir)"/>
            <OtherUnitFiles Value="synapse/source/lib"/>
            <UnitOutputDirectory Value="build"/>
          </SearchPaths>
          <Parsing>
            <SyntaxOptions>
              <SyntaxMode Value="Delphi"/>
              <UseAnsiStrings Value="False"/>
            </SyntaxOptions>
          </Parsing>
          <CodeGeneration>
            <SmartLinkUnit Value="True"/>
            <StackSize Value="1048576"/>
            <TargetProcessor Value="pentium3"/>
            <Optimizations>
              <OptimizationLevel Value="3"/>
              <VariablesInRegisters Value="True"/>
            </Optimizations>
          </CodeGeneration>
          <Linking>
            <Debugging>
              <GenerateDebugInfo Value="False"/>
              <UseLineInfoUnit Value="False"/>
              <StripSymbols Value="True"/>
            </Debugging>
            <LinkSmart Value="True"/>
          </Linking>
          <Other>
            <CompilerMessages>
              <UseMsgFile Value="True"/>
            </CompilerMessages>
            <CompilerPath Value="$(CompPath)"/>
          </Other>
        </CompilerOptions>
      </Item2>
      <Item3 Name="x64">
        <CompilerOptions>
          <Version Value="11"/>
          <SearchPaths>
            <IncludeFiles Value="$(ProjOutDir)"/>
            <OtherUnitFiles Value="synapse/source/lib"/>
            <UnitOutputDirectory Value="buildx64"/>
          </SearchPaths>
          <Parsing>
            <SyntaxOptions>
              <SyntaxMode Value="Delphi"/>
              <UseAnsiStrings Value="False"/>
            </SyntaxOptions>
          </Parsing>
          <CodeGeneration>
            <SmartLinkUnit Value="True"/>
            <StackSize Value="1048576"/>
            <TargetCPU Value="x86_64"/>
            <Optimizations>
              <OptimizationLevel Value="3"/>
              <VariablesInRegisters Value="True"/>
            </Optimizations>
          </CodeGeneration>
          <Linking>
            <Debugging>
              <GenerateDebugInfo Value="False"/>
              <UseLineInfoUnit Value="False"/>
            </Debugging>
            <LinkSmart Value="True"/>
          </Linking>
          <Other>
            <CompilerMessages>
              <UseMsgFile Value="True"/>
            </CompilerMessages>
            <CompilerPath Value="$(CompPath)"/>
          </Other>
        </CompilerOptions>
      </Item3>
    </BuildModes>
    <PublishOptions>
      <Version Value="2"/>
      <IgnoreBinaries Value="False"/>
      <IncludeFileFilter Value="*.(pas|pp|inc|lfm|lpr|lrs|lpi|lpk|sh|xml)"/>
      <ExcludeFileFilter Value="*.(bak|ppu|ppw|o|so);*~;backup"/>
    </PublishOptions>
    <RunParams>
      <local>
        <FormatVersion Value="1"/>
        <LaunchingApplication PathPlusParams="/usr/X11R6/bin/xterm -T 'Lazarus Run Output' -e $(LazarusDir)/tools/runwait.sh $(TargetCmdLine)"/>
      </local>
    </RunParams>
    <RequiredPackages Count="3">
      <Item1>
        <PackageName Value="lnetbase"/>
      </Item1>
      <Item2>
        <PackageName Value="FCL"/>
        <MinVersion Major="1" Valid="True"/>
      </Item2>
      <Item3>
        <PackageName Value="LCL"/>
      </Item3>
    </RequiredPackages>
    <Units Count="53">
      <Unit0>
        <Filename Value="Clock2.lpr"/>
        <IsPartOfProject Value="True"/>
        <UnitName Value="Clock2"/>
        <WindowIndex Value="0"/>
        <TopLine Value="1"/>
        <CursorPos X="63" Y="32"/>
        <UsageCount Value="225"/>
        <DefaultSyntaxHighlighter Value="Delphi"/>
      </Unit0>
      <Unit1>
        <Filename Value="pictures.pas"/>
        <IsPartOfProject Value="True"/>
        <ComponentName Value="frmPictures"/>
        <HasResources Value="True"/>
        <ResourceBaseClass Value="Form"/>
        <UnitName Value="Pictures"/>
        <WindowIndex Value="0"/>
        <TopLine Value="168"/>
        <CursorPos X="79" Y="170"/>
        <UsageCount Value="225"/>
        <DefaultSyntaxHighlighter Value="Delphi"/>
      </Unit1>
      <Unit2>
        <Filename Value="findthread.pas"/>
        <IsPartOfProject Value="True"/>
        <UnitName Value="FindThread"/>
        <WindowIndex Value="0"/>
        <TopLine Value="81"/>
        <CursorPos X="1" Y="104"/>
        <UsageCount Value="217"/>
        <DefaultSyntaxHighlighter Value="Delphi"/>
      </Unit2>
      <Unit3>
        <Filename Value="settings.pas"/>
        <IsPartOfProject Value="True"/>
        <ComponentName Value="frmSettings"/>
        <HasResources Value="True"/>
        <ResourceBaseClass Value="Form"/>
        <UnitName Value="Settings"/>
        <EditorIndex Value="5"/>
        <WindowIndex Value="0"/>
        <TopLine Value="138"/>
        <CursorPos X="19" Y="145"/>
        <UsageCount Value="200"/>
        <Loaded Value="True"/>
        <DefaultSyntaxHighlighter Value="Delphi"/>
      </Unit3>
      <Unit4>
        <Filename Value="alarm.pas"/>
        <IsPartOfProject Value="True"/>
        <UnitName Value="alarm"/>
        <WindowIndex Value="0"/>
        <TopLine Value="1"/>
        <CursorPos X="3" Y="19"/>
        <UsageCount Value="207"/>
        <DefaultSyntaxHighlighter Value="Delphi"/>
      </Unit4>
      <Unit5>
        <Filename Value="clockmain.pas"/>
        <IsPartOfProject Value="True"/>
        <ComponentName Value="frmClockMain"/>
        <HasResources Value="True"/>
        <ResourceBaseClass Value="Form"/>
        <UnitName Value="ClockMain"/>
        <EditorIndex Value="0"/>
        <WindowIndex Value="0"/>
        <TopLine Value="1616"/>
        <CursorPos X="44" Y="1621"/>
        <UsageCount Value="207"/>
        <Loaded Value="True"/>
        <LoadedDesigner Value="True"/>
        <DefaultSyntaxHighlighter Value="Delphi"/>
      </Unit5>
      <Unit6>
        <Filename Value="metoffice.pas"/>
        <IsPartOfProject Value="True"/>
        <UnitName Value="MetOffice"/>
        <WindowIndex Value="0"/>
        <TopLine Value="197"/>
        <CursorPos X="15" Y="197"/>
        <UsageCount Value="207"/>
        <DefaultSyntaxHighlighter Value="Delphi"/>
      </Unit6>
      <Unit7>
        <Filename Value="reminders.pas"/>
        <IsPartOfProject Value="True"/>
        <ComponentName Value="frmReminders"/>
        <HasResources Value="True"/>
        <ResourceBaseClass Value="Form"/>
        <UnitName Value="Reminders"/>
        <IsVisibleTab Value="True"/>
        <EditorIndex Value="6"/>
        <WindowIndex Value="0"/>
        <TopLine Value="346"/>
        <CursorPos X="17" Y="372"/>
        <UsageCount Value="203"/>
        <Loaded Value="True"/>
        <LoadedDesigner Value="True"/>
        <DefaultSyntaxHighlighter Value="Delphi"/>
      </Unit7>
      <Unit8>
        <Filename Value="findpicsthread.pas"/>
        <IsPartOfProject Value="True"/>
        <UnitName Value="FindPicsThread"/>
        <WindowIndex Value="0"/>
        <TopLine Value="1"/>
        <CursorPos X="1" Y="1"/>
        <UsageCount Value="212"/>
        <DefaultSyntaxHighlighter Value="Delphi"/>
      </Unit8>
      <Unit9>
        <Filename Value="udpserver.pas"/>
        <IsPartOfProject Value="True"/>
        <UnitName Value="udpserver"/>
        <WindowIndex Value="0"/>
        <TopLine Value="129"/>
        <CursorPos X="13" Y="129"/>
        <UsageCount Value="213"/>
        <DefaultSyntaxHighlighter Value="Delphi"/>
      </Unit9>
      <Unit10>
        <Filename Value="musicplayer.pas"/>
        <IsPartOfProject Value="True"/>
        <UnitName Value="MusicPlayer"/>
        <WindowIndex Value="0"/>
        <TopLine Value="1"/>
        <CursorPos X="45" Y="12"/>
        <UsageCount Value="212"/>
        <DefaultSyntaxHighlighter Value="Delphi"/>
      </Unit10>
      <Unit11>
        <Filename Value="reminderlist.pas"/>
        <IsPartOfProject Value="True"/>
        <ComponentName Value="frmReminderList"/>
        <HasResources Value="True"/>
        <ResourceBaseClass Value="Form"/>
        <UnitName Value="ReminderList"/>
        <WindowIndex Value="0"/>
        <TopLine Value="125"/>
        <CursorPos X="47" Y="140"/>
        <UsageCount Value="212"/>
        <DefaultSyntaxHighlighter Value="Delphi"/>
      </Unit11>
      <Unit12>
        <Filename Value="commandserver.pas"/>
        <IsPartOfProject Value="True"/>
        <UnitName Value="commandserver"/>
        <EditorIndex Value="1"/>
        <WindowIndex Value="0"/>
        <TopLine Value="107"/>
        <CursorPos X="29" Y="107"/>
        <UsageCount Value="212"/>
        <Loaded Value="True"/>
        <DefaultSyntaxHighlighter Value="Delphi"/>
      </Unit12>
      <Unit13>
        <Filename Value="music.pas"/>
        <IsPartOfProject Value="True"/>
        <UnitName Value="music"/>
        <EditorIndex Value="8"/>
        <WindowIndex Value="0"/>
        <TopLine Value="458"/>
        <CursorPos X="14" Y="487"/>
        <UsageCount Value="212"/>
        <Loaded Value="True"/>
        <DefaultSyntaxHighlighter Value="Delphi"/>
      </Unit13>
      <Unit14>
        <Filename Value="black.pas"/>
        <ComponentName Value="frmBlack"/>
        <HasResources Value="True"/>
        <ResourceBaseClass Value="Form"/>
        <UnitName Value="black"/>
        <WindowIndex Value="0"/>
        <TopLine Value="13"/>
        <CursorPos X="1" Y="36"/>
        <UsageCount Value="198"/>
        <DefaultSyntaxHighlighter Value="Delphi"/>
      </Unit14>
      <Unit15>
        <Filename Value="sync.pas"/>
        <IsPartOfProject Value="True"/>
        <UnitName Value="sync"/>
        <WindowIndex Value="0"/>
        <TopLine Value="1"/>
        <CursorPos X="36" Y="86"/>
        <UsageCount Value="212"/>
        <DefaultSyntaxHighlighter Value="Delphi"/>
      </Unit15>
      <Unit16>
        <Filename Value="udpclient.pas"/>
        <IsPartOfProject Value="True"/>
        <UnitName Value="udpclient"/>
        <WindowIndex Value="0"/>
        <TopLine Value="140"/>
        <CursorPos X="33" Y="172"/>
        <UsageCount Value="212"/>
        <DefaultSyntaxHighlighter Value="Delphi"/>
      </Unit16>
      <Unit17>
        <Filename Value="waitformedia.pas"/>
        <IsPartOfProject Value="True"/>
        <ComponentName Value="frmWaitForMedia"/>
        <HasResources Value="True"/>
        <ResourceBaseClass Value="Form"/>
        <UnitName Value="WaitForMedia"/>
        <WindowIndex Value="0"/>
        <TopLine Value="1"/>
        <CursorPos X="1" Y="1"/>
        <UsageCount Value="205"/>
        <DefaultSyntaxHighlighter Value="Delphi"/>
      </Unit17>
      <Unit18>
        <Filename Value="playlistcreator.pas"/>
        <IsPartOfProject Value="True"/>
        <ComponentName Value="frmPlaylist"/>
        <HasResources Value="True"/>
        <ResourceBaseClass Value="Form"/>
        <UnitName Value="PlaylistCreator"/>
        <EditorIndex Value="9"/>
        <WindowIndex Value="0"/>
        <TopLine Value="117"/>
        <CursorPos X="22" Y="431"/>
        <UsageCount Value="200"/>
        <Loaded Value="True"/>
        <DefaultSyntaxHighlighter Value="Delphi"/>
      </Unit18>
      <Unit19>
        <Filename Value="touchlist.pas"/>
        <IsPartOfProject Value="True"/>
        <UnitName Value="TouchList"/>
        <WindowIndex Value="0"/>
        <TopLine Value="30"/>
        <CursorPos X="26" Y="56"/>
        <UsageCount Value="200"/>
        <DefaultSyntaxHighlighter Value="Delphi"/>
      </Unit19>
      <Unit20>
        <Filename Value="uniqueinstanceraw.pas"/>
        <UnitName Value="UniqueInstanceRaw"/>
        <WindowIndex Value="0"/>
        <TopLine Value="47"/>
        <CursorPos X="98" Y="55"/>
        <UsageCount Value="45"/>
        <DefaultSyntaxHighlighter Value="Delphi"/>
      </Unit20>
      <Unit21>
        <Filename Value="/usr/share/fpcsrc/2.6.0/rtl/objpas/sysutils/datih.inc"/>
        <WindowIndex Value="0"/>
        <TopLine Value="95"/>
        <CursorPos X="10" Y="109"/>
        <UsageCount Value="35"/>
        <DefaultSyntaxHighlighter Value="Delphi"/>
      </Unit21>
      <Unit22>
        <Filename Value="datetime.pas"/>
        <IsPartOfProject Value="True"/>
        <UnitName Value="DateTime"/>
        <WindowIndex Value="0"/>
        <TopLine Value="41"/>
        <CursorPos X="37" Y="41"/>
        <UsageCount Value="203"/>
        <DefaultSyntaxHighlighter Value="Delphi"/>
      </Unit22>
      <Unit23>
        <Filename Value="sourcepicker.pas"/>
        <IsPartOfProject Value="True"/>
        <ComponentName Value="frmSourcePicker"/>
        <HasResources Value="True"/>
        <ResourceBaseClass Value="Form"/>
        <UnitName Value="SourcePicker"/>
        <WindowIndex Value="0"/>
        <TopLine Value="37"/>
        <CursorPos X="3" Y="25"/>
        <UsageCount Value="240"/>
        <DefaultSyntaxHighlighter Value="Delphi"/>
      </Unit23>
      <Unit24>
        <Filename Value="/usr/share/fpcsrc/2.6.0/rtl/objpas/classes/classesh.inc"/>
        <WindowIndex Value="0"/>
        <TopLine Value="1468"/>
        <CursorPos X="40" Y="1468"/>
        <UsageCount Value="10"/>
        <DefaultSyntaxHighlighter Value="Delphi"/>
      </Unit24>
      <Unit25>
        <Filename Value="synapse/source/lib/blcksock.pas"/>
        <UnitName Value="blcksock"/>
        <EditorIndex Value="4"/>
        <WindowIndex Value="0"/>
        <TopLine Value="2676"/>
        <CursorPos X="32" Y="2704"/>
        <UsageCount Value="75"/>
        <Loaded Value="True"/>
        <DefaultSyntaxHighlighter Value="Delphi"/>
      </Unit25>
      <Unit26>
        <Filename Value="synapse/source/lib/ssfpc.pas"/>
        <UnitName Value="ssfpc"/>
        <WindowIndex Value="0"/>
        <TopLine Value="270"/>
        <CursorPos X="15" Y="286"/>
        <UsageCount Value="1"/>
        <DefaultSyntaxHighlighter Value="Delphi"/>
      </Unit26>
      <Unit27>
        <Filename Value="connectionhealth.pas"/>
        <IsPartOfProject Value="True"/>
        <UnitName Value="ConnectionHealth"/>
        <WindowIndex Value="0"/>
        <TopLine Value="1"/>
        <CursorPos X="32" Y="8"/>
        <UsageCount Value="201"/>
        <DefaultSyntaxHighlighter Value="Delphi"/>
      </Unit27>
      <Unit28>
        <Filename Value="synapse/source/lib/pingsend.pas"/>
        <UnitName Value="pingsend"/>
        <WindowIndex Value="0"/>
        <TopLine Value="343"/>
        <CursorPos X="36" Y="359"/>
        <UsageCount Value="3"/>
        <DefaultSyntaxHighlighter Value="Delphi"/>
      </Unit28>
      <Unit29>
        <Filename Value="synapse/source/lib/httpsend.pas"/>
        <UnitName Value="httpsend"/>
        <WindowIndex Value="0"/>
        <TopLine Value="326"/>
        <CursorPos X="1" Y="357"/>
        <UsageCount Value="10"/>
        <DefaultSyntaxHighlighter Value="Delphi"/>
      </Unit29>
      <Unit30>
        <Filename Value="/usr/share/fpcsrc/2.6.2/rtl/objpas/sysutils/osutilsh.inc"/>
        <WindowIndex Value="0"/>
        <TopLine Value="1"/>
        <CursorPos X="10" Y="40"/>
        <UsageCount Value="7"/>
      </Unit30>
      <Unit31>
        <Filename Value="email.pas"/>
        <IsPartOfProject Value="True"/>
        <UnitName Value="Email"/>
        <WindowIndex Value="0"/>
        <TopLine Value="165"/>
        <CursorPos X="14" Y="47"/>
        <UsageCount Value="201"/>
        <DefaultSyntaxHighlighter Value="Delphi"/>
      </Unit31>
      <Unit32>
        <Filename Value="lnet/lib/lcontainersh.inc"/>
        <WindowIndex Value="0"/>
        <TopLine Value="1"/>
        <CursorPos X="31" Y="17"/>
        <UsageCount Value="41"/>
        <DefaultSyntaxHighlighter Value="Delphi"/>
      </Unit32>
      <Unit33>
        <Filename Value="signalhandler.pas"/>
        <IsPartOfProject Value="True"/>
        <UnitName Value="SignalHandler"/>
        <WindowIndex Value="0"/>
        <TopLine Value="31"/>
        <CursorPos X="67" Y="48"/>
        <UsageCount Value="201"/>
        <DefaultSyntaxHighlighter Value="Delphi"/>
      </Unit33>
      <Unit34>
        <Filename Value="/usr/share/fpcsrc/2.6.2/rtl/objpas/classes/classesh.inc"/>
        <WindowIndex Value="0"/>
        <TopLine Value="865"/>
        <CursorPos X="15" Y="879"/>
        <UsageCount Value="5"/>
      </Unit34>
      <Unit35>
        <Filename Value="equaliser.pas"/>
        <IsPartOfProject Value="True"/>
        <ComponentName Value="frmEqualiser"/>
        <HasResources Value="True"/>
        <ResourceBaseClass Value="Form"/>
        <UnitName Value="equaliser"/>
        <WindowIndex Value="0"/>
        <TopLine Value="114"/>
        <CursorPos X="8" Y="124"/>
        <UsageCount Value="43"/>
        <DefaultSyntaxHighlighter Value="Delphi"/>
      </Unit35>
      <Unit36>
        <Filename Value="../RadioGaga/radiogaga.lpr"/>
        <UnitName Value="radiogaga"/>
        <WindowIndex Value="0"/>
        <TopLine Value="109"/>
        <CursorPos X="1" Y="119"/>
        <UsageCount Value="1"/>
        <DefaultSyntaxHighlighter Value="Delphi"/>
      </Unit36>
      <Unit37>
        <Filename Value="discoverserver.pas"/>
        <IsPartOfProject Value="True"/>
        <UnitName Value="DiscoverServer"/>
        <EditorIndex Value="3"/>
        <WindowIndex Value="0"/>
        <TopLine Value="85"/>
        <CursorPos X="13" Y="117"/>
        <UsageCount Value="167"/>
        <Loaded Value="True"/>
        <DefaultSyntaxHighlighter Value="Delphi"/>
      </Unit37>
      <Unit38>
        <Filename Value="/usr/share/fpcsrc/2.6.2/packages/fcl-process/src/process.pp"/>
        <UnitName Value="process"/>
        <WindowIndex Value="0"/>
        <TopLine Value="9"/>
        <CursorPos X="48" Y="25"/>
        <UsageCount Value="10"/>
      </Unit38>
      <Unit39>
        <Filename Value="/usr/share/fpcsrc/2.6.2/rtl/objpas/objpas.pp"/>
        <UnitName Value="objpas"/>
        <WindowIndex Value="0"/>
        <TopLine Value="277"/>
        <CursorPos X="33" Y="84"/>
        <UsageCount Value="10"/>
      </Unit39>
      <Unit40>
        <Filename Value="/usr/share/fpcsrc/2.6.2/packages/fcl-process/src/pipes.pp"/>
        <UnitName Value="Pipes"/>
        <WindowIndex Value="0"/>
        <TopLine Value="20"/>
        <CursorPos X="16" Y="43"/>
        <UsageCount Value="5"/>
      </Unit40>
      <Unit41>
        <Filename Value="/usr/share/fpcsrc/2.6.2/rtl/inc/ustringh.inc"/>
        <WindowIndex Value="0"/>
        <TopLine Value="16"/>
        <CursorPos X="11" Y="32"/>
        <UsageCount Value="5"/>
      </Unit41>
      <Unit42>
        <Filename Value="/usr/share/fpcsrc/2.6.2/rtl/inc/heaph.inc"/>
        <WindowIndex Value="0"/>
        <TopLine Value="66"/>
        <CursorPos X="10" Y="89"/>
        <UsageCount Value="5"/>
      </Unit42>
      <Unit43>
        <Filename Value="/usr/share/fpcsrc/2.6.2/rtl/linux/errno.inc"/>
        <WindowIndex Value="0"/>
        <TopLine Value="1"/>
        <CursorPos X="3" Y="145"/>
        <UsageCount Value="1"/>
      </Unit43>
      <Unit44>
        <Filename Value="mplayereq.pas"/>
        <IsPartOfProject Value="True"/>
        <ComponentName Value="frmMplayerEQ"/>
        <HasResources Value="True"/>
        <ResourceBaseClass Value="Form"/>
        <UnitName Value="mplayereq"/>
        <WindowIndex Value="0"/>
        <TopLine Value="125"/>
        <CursorPos X="19" Y="136"/>
        <UsageCount Value="87"/>
        <DefaultSyntaxHighlighter Value="Delphi"/>
      </Unit44>
      <Unit45>
        <Filename Value="/usr/lib/lazarus/1.0.10/lcl/forms.pp"/>
        <UnitName Value="Forms"/>
        <WindowIndex Value="0"/>
        <TopLine Value="698"/>
        <CursorPos X="17" Y="715"/>
        <UsageCount Value="6"/>
      </Unit45>
      <Unit46>
        <Filename Value="ID3v2Library.pas"/>
        <UnitName Value="ID3v2Library"/>
        <WindowIndex Value="0"/>
        <TopLine Value="1569"/>
        <CursorPos X="45" Y="1571"/>
        <UsageCount Value="24"/>
        <DefaultSyntaxHighlighter Value="Delphi"/>
      </Unit46>
      <Unit47>
        <Filename Value="mpd.pas"/>
        <IsPartOfProject Value="True"/>
        <UnitName Value="mpd"/>
        <WindowIndex Value="0"/>
        <TopLine Value="1"/>
        <CursorPos X="42" Y="24"/>
        <UsageCount Value="73"/>
        <DefaultSyntaxHighlighter Value="Delphi"/>
      </Unit47>
      <Unit48>
        <Filename Value="radiostations.pas"/>
        <IsPartOfProject Value="True"/>
        <ComponentName Value="frmRadioStations"/>
        <HasResources Value="True"/>
        <ResourceBaseClass Value="Form"/>
        <UnitName Value="RadioStations"/>
        <EditorIndex Value="7"/>
        <WindowIndex Value="0"/>
        <TopLine Value="39"/>
        <CursorPos X="27" Y="49"/>
        <UsageCount Value="65"/>
        <Loaded Value="True"/>
        <DefaultSyntaxHighlighter Value="Delphi"/>
      </Unit48>
      <Unit49>
        <Filename Value="/usr/lib/lazarus/1.0.10/lcl/dialogs.pp"/>
        <UnitName Value="Dialogs"/>
        <WindowIndex Value="0"/>
        <TopLine Value="156"/>
        <CursorPos X="13" Y="38"/>
        <UsageCount Value="8"/>
      </Unit49>
      <Unit50>
        <Filename Value="/usr/share/fpcsrc/2.6.2/rtl/unix/unix.pp"/>
        <UnitName Value="Unix"/>
        <WindowIndex Value="0"/>
        <TopLine Value="108"/>
        <CursorPos X="11" Y="125"/>
        <UsageCount Value="7"/>
      </Unit50>
      <Unit51>
        <Filename Value="equaliser.lfm"/>
        <WindowIndex Value="0"/>
        <TopLine Value="1"/>
        <CursorPos X="1" Y="1"/>
        <UsageCount Value="9"/>
        <DefaultSyntaxHighlighter Value="LFM"/>
      </Unit51>
      <Unit52>
        <Filename Value="lnet/lib/lnet.pp"/>
        <UnitName Value="lNet"/>
        <EditorIndex Value="2"/>
        <WindowIndex Value="0"/>
        <TopLine Value="769"/>
        <CursorPos X="30" Y="784"/>
        <UsageCount Value="12"/>
        <Loaded Value="True"/>
      </Unit52>
    </Units>
    <JumpHistory Count="30" HistoryIndex="29">
      <Position1>
        <Filename Value="commandserver.pas"/>
        <Caret Line="134" Column="17" TopLine="108"/>
      </Position1>
      <Position2>
        <Filename Value="commandserver.pas"/>
        <Caret Line="257" Column="39" TopLine="232"/>
      </Position2>
      <Position3>
        <Filename Value="commandserver.pas"/>
        <Caret Line="326" Column="17" TopLine="300"/>
      </Position3>
      <Position4>
        <Filename Value="commandserver.pas"/>
        <Caret Line="29" Column="29" TopLine="13"/>
      </Position4>
      <Position5>
        <Filename Value="commandserver.pas"/>
        <Caret Line="131" Column="44" TopLine="123"/>
      </Position5>
      <Position6>
        <Filename Value="commandserver.pas"/>
        <Caret Line="36" Column="31" TopLine="20"/>
      </Position6>
      <Position7>
        <Filename Value="commandserver.pas"/>
        <Caret Line="50" Column="58" TopLine="24"/>
      </Position7>
      <Position8>
        <Filename Value="commandserver.pas"/>
        <Caret Line="62" Column="31" TopLine="45"/>
      </Position8>
      <Position9>
        <Filename Value="commandserver.pas"/>
        <Caret Line="72" Column="58" TopLine="46"/>
      </Position9>
      <Position10>
        <Filename Value="lnet/lib/lnet.pp"/>
        <Caret Line="1" Column="1" TopLine="1"/>
      </Position10>
      <Position11>
        <Filename Value="clockmain.pas"/>
        <Caret Line="1" Column="1" TopLine="1"/>
      </Position11>
      <Position12>
        <Filename Value="clockmain.pas"/>
        <Caret Line="419" Column="1" TopLine="407"/>
      </Position12>
      <Position13>
        <Filename Value="clockmain.pas"/>
        <Caret Line="572" Column="16" TopLine="556"/>
      </Position13>
      <Position14>
        <Filename Value="clockmain.pas"/>
        <Caret Line="577" Column="9" TopLine="561"/>
      </Position14>
      <Position15>
        <Filename Value="clockmain.pas"/>
        <Caret Line="580" Column="35" TopLine="565"/>
      </Position15>
      <Position16>
        <Filename Value="clockmain.pas"/>
        <Caret Line="1619" Column="1" TopLine="555"/>
      </Position16>
      <Position17>
        <Filename Value="clockmain.pas"/>
        <Caret Line="573" Column="16" TopLine="556"/>
      </Position17>
      <Position18>
        <Filename Value="clockmain.pas"/>
        <Caret Line="574" Column="1" TopLine="556"/>
      </Position18>
      <Position19>
        <Filename Value="clockmain.pas"/>
        <Caret Line="575" Column="1" TopLine="556"/>
      </Position19>
      <Position20>
        <Filename Value="clockmain.pas"/>
        <Caret Line="576" Column="1" TopLine="556"/>
      </Position20>
      <Position21>
        <Filename Value="clockmain.pas"/>
        <Caret Line="577" Column="1" TopLine="556"/>
      </Position21>
      <Position22>
        <Filename Value="clockmain.pas"/>
        <Caret Line="579" Column="1" TopLine="556"/>
      </Position22>
      <Position23>
        <Filename Value="clockmain.pas"/>
        <Caret Line="580" Column="1" TopLine="556"/>
      </Position23>
      <Position24>
        <Filename Value="clockmain.pas"/>
        <Caret Line="577" Column="1" TopLine="556"/>
      </Position24>
      <Position25>
        <Filename Value="clockmain.pas"/>
        <Caret Line="29" Column="19" TopLine="1"/>
      </Position25>
      <Position26>
        <Filename Value="clockmain.pas"/>
        <Caret Line="528" Column="38" TopLine="512"/>
      </Position26>
      <Position27>
        <Filename Value="clockmain.pas"/>
        <Caret Line="529" Column="26" TopLine="515"/>
      </Position27>
      <Position28>
        <Filename Value="clockmain.pas"/>
        <Caret Line="1607" Column="22" TopLine="1582"/>
      </Position28>
      <Position29>
        <Filename Value="settings.pas"/>
        <Caret Line="146" Column="1" TopLine="139"/>
      </Position29>
      <Position30>
        <Filename Value="settings.pas"/>
        <Caret Line="145" Column="1" TopLine="138"/>
      </Position30>
    </JumpHistory>
  </ProjectOptions>
  <CompilerOptions>
    <Version Value="11"/>
    <SearchPaths>
      <IncludeFiles Value="$(ProjOutDir)"/>
      <OtherUnitFiles Value="synapse/source/lib"/>
      <UnitOutputDirectory Value="build"/>
    </SearchPaths>
    <Parsing>
      <SyntaxOptions>
        <SyntaxMode Value="Delphi"/>
        <UseAnsiStrings Value="False"/>
      </SyntaxOptions>
    </Parsing>
    <CodeGeneration>
      <StackSize Value="1048576"/>
      <Optimizations>
        <OptimizationLevel Value="0"/>
      </Optimizations>
    </CodeGeneration>
    <Linking>
      <Debugging>
        <DebugInfoType Value="dsDwarf2"/>
      </Debugging>
    </Linking>
    <Other>
      <CompilerMessages>
        <UseMsgFile Value="True"/>
      </CompilerMessages>
      <CompilerPath Value="$(CompPath)"/>
    </Other>
  </CompilerOptions>
  <Debugging>
    <BreakPoints Count="2">
      <Item1>
        <Kind Value="bpkSource"/>
        <WatchScope Value="wpsLocal"/>
        <WatchKind Value="wpkWrite"/>
        <Source Value="email.pas"/>
        <Line Value="98"/>
      </Item1>
      <Item2>
        <Kind Value="bpkSource"/>
        <WatchScope Value="wpsLocal"/>
        <WatchKind Value="wpkWrite"/>
        <Source Value="email.pas"/>
        <Line Value="192"/>
      </Item2>
    </BreakPoints>
    <Exceptions Count="7">
      <Item1>
        <Name Value="EAbort"/>
      </Item1>
      <Item2>
        <Name Value="ECodetoolError"/>
      </Item2>
      <Item3>
        <Name Value="EFOpenError"/>
      </Item3>
      <Item4>
        <Name Value="EStringListError"/>
      </Item4>
      <Item5>
        <Name Value="EProcess"/>
      </Item5>
      <Item6>
        <Name Value="EIPCError"/>
      </Item6>
      <Item7>
        <Name Value="EAccessViolation"/>
      </Item7>
    </Exceptions>
  </Debugging>
  <EditorMacros Count="0"/>
</CONFIG>
