<?xml version="1.0"?>
<CONFIG>
  <ProjectOptions>
    <Version Value="9"/>
    <General>
      <MainUnit Value="0"/>
      <Title Value="Clock2"/>
      <UseXPManifest Value="True"/>
      <Icon Value="0"/>
      <ActiveWindowIndexAtStart Value="0"/>
    </General>
    <VersionInfo>
      <Language Value=""/>
      <CharSet Value=""/>
      <StringTable ProductVersion=""/>
    </VersionInfo>
    <BuildModes Count="2" Active="i386">
      <Item1 Name="debug" Default="True"/>
      <Item2 Name="i386">
        <CompilerOptions>
          <Version Value="11"/>
          <SearchPaths>
            <IncludeFiles Value="$(ProjOutDir)"/>
            <OtherUnitFiles Value="synapse/source/lib"/>
            <UnitOutputDirectory Value="build"/>
          </SearchPaths>
          <Parsing>
            <SyntaxOptions>
              <SyntaxMode Value="Delphi"/>
              <UseAnsiStrings Value="False"/>
            </SyntaxOptions>
          </Parsing>
          <CodeGeneration>
            <SmartLinkUnit Value="True"/>
            <Optimizations>
              <VariablesInRegisters Value="True"/>
              <OptimizationLevel Value="2"/>
            </Optimizations>
          </CodeGeneration>
          <Linking>
            <Debugging>
              <GenerateDebugInfo Value="False"/>
              <UseLineInfoUnit Value="False"/>
            </Debugging>
            <LinkSmart Value="True"/>
          </Linking>
          <Other>
            <CompilerMessages>
              <UseMsgFile Value="True"/>
            </CompilerMessages>
            <CompilerPath Value="$(CompPath)"/>
          </Other>
        </CompilerOptions>
      </Item2>
    </BuildModes>
    <PublishOptions>
      <Version Value="2"/>
      <IgnoreBinaries Value="False"/>
      <IncludeFileFilter Value="*.(pas|pp|inc|lfm|lpr|lrs|lpi|lpk|sh|xml)"/>
      <ExcludeFileFilter Value="*.(bak|ppu|ppw|o|so);*~;backup"/>
    </PublishOptions>
    <RunParams>
      <local>
        <FormatVersion Value="1"/>
        <LaunchingApplication PathPlusParams="/usr/X11R6/bin/xterm -T 'Lazarus Run Output' -e $(LazarusDir)/tools/runwait.sh $(TargetCmdLine)"/>
      </local>
    </RunParams>
    <RequiredPackages Count="2">
      <Item1>
        <PackageName Value="FCL"/>
        <MinVersion Major="1" Valid="True"/>
      </Item1>
      <Item2>
        <PackageName Value="LCL"/>
      </Item2>
    </RequiredPackages>
    <Units Count="52">
      <Unit0>
        <Filename Value="Clock2.lpr"/>
        <IsPartOfProject Value="True"/>
        <UnitName Value="Clock2"/>
        <EditorIndex Value="20"/>
        <WindowIndex Value="0"/>
        <TopLine Value="1"/>
        <CursorPos X="1" Y="25"/>
        <UsageCount Value="71"/>
        <Loaded Value="True"/>
        <LoadedDesigner Value="True"/>
        <DefaultSyntaxHighlighter Value="Delphi"/>
      </Unit0>
      <Unit1>
        <Filename Value="main.pas"/>
        <IsPartOfProject Value="True"/>
        <ComponentName Value="frmMain"/>
        <HasResources Value="True"/>
        <ResourceBaseClass Value="Form"/>
        <UnitName Value="main"/>
        <EditorIndex Value="15"/>
        <WindowIndex Value="0"/>
        <TopLine Value="83"/>
        <CursorPos X="17" Y="106"/>
        <UsageCount Value="71"/>
        <Loaded Value="True"/>
        <DefaultSyntaxHighlighter Value="Delphi"/>
      </Unit1>
      <Unit2>
        <Filename Value="../PicPick/Main.pas"/>
        <ComponentName Value="MainForm"/>
        <HasResources Value="True"/>
        <ResourceBaseClass Value="Form"/>
        <UnitName Value="Main"/>
        <TopLine Value="211"/>
        <CursorPos X="21" Y="218"/>
        <UsageCount Value="12"/>
        <DefaultSyntaxHighlighter Value="Delphi"/>
      </Unit2>
      <Unit3>
        <Filename Value="/usr/lib/lazarus/0.9.28.2/lcl/fileutil.pas"/>
        <UnitName Value="FileUtil"/>
        <WindowIndex Value="0"/>
        <TopLine Value="161"/>
        <CursorPos X="22" Y="169"/>
        <UsageCount Value="19"/>
        <DefaultSyntaxHighlighter Value="Delphi"/>
      </Unit3>
      <Unit4>
        <Filename Value="../../../.cache/.fr-TixB7g/Laz_IPC/main_ipc_unit.pas"/>
        <UnitName Value="main_ipc_unit"/>
        <TopLine Value="25"/>
        <CursorPos X="42" Y="39"/>
        <UsageCount Value="9"/>
        <DefaultSyntaxHighlighter Value="Delphi"/>
      </Unit4>
      <Unit5>
        <Filename Value="/usr/share/fpcsrc/2.4.0/packages/fcl-process/src/simpleipc.pp"/>
        <UnitName Value="simpleipc"/>
        <WindowIndex Value="0"/>
        <TopLine Value="26"/>
        <CursorPos X="3" Y="34"/>
        <UsageCount Value="10"/>
        <DefaultSyntaxHighlighter Value="Delphi"/>
      </Unit5>
      <Unit6>
        <Filename Value="/usr/lib/lazarus/0.9.28.2/lcl/include/customform.inc"/>
        <WindowIndex Value="0"/>
        <TopLine Value="683"/>
        <CursorPos X="82" Y="691"/>
        <UsageCount Value="10"/>
        <DefaultSyntaxHighlighter Value="Delphi"/>
      </Unit6>
      <Unit7>
        <Filename Value="findthread.pas"/>
        <IsPartOfProject Value="True"/>
        <UnitName Value="FindThread"/>
        <EditorIndex Value="0"/>
        <WindowIndex Value="0"/>
        <TopLine Value="56"/>
        <CursorPos X="3" Y="91"/>
        <UsageCount Value="63"/>
        <Loaded Value="True"/>
        <DefaultSyntaxHighlighter Value="Delphi"/>
      </Unit7>
      <Unit8>
        <Filename Value="../../work/ScaleTest/scaleimage.pas"/>
        <UnitName Value="Scaleimage"/>
        <WindowIndex Value="0"/>
        <TopLine Value="421"/>
        <CursorPos X="1" Y="437"/>
        <UsageCount Value="9"/>
        <DefaultSyntaxHighlighter Value="Delphi"/>
      </Unit8>
      <Unit9>
        <Filename Value="../../work/ScaleTest/ScaleTest.lpr"/>
        <UnitName Value="ScaleTest"/>
        <WindowIndex Value="0"/>
        <TopLine Value="1"/>
        <CursorPos X="1" Y="7"/>
        <UsageCount Value="9"/>
        <DefaultSyntaxHighlighter Value="Delphi"/>
      </Unit9>
      <Unit10>
        <Filename Value="../filesearch/uMain.pas"/>
        <UnitName Value="uMain"/>
        <WindowIndex Value="0"/>
        <TopLine Value="49"/>
        <CursorPos X="1" Y="1"/>
        <UsageCount Value="9"/>
        <DefaultSyntaxHighlighter Value="Delphi"/>
      </Unit10>
      <Unit11>
        <Filename Value="../RTrack/main.pas"/>
        <UnitName Value="Main"/>
        <WindowIndex Value="0"/>
        <TopLine Value="109"/>
        <CursorPos X="1" Y="138"/>
        <UsageCount Value="9"/>
        <DefaultSyntaxHighlighter Value="Delphi"/>
      </Unit11>
      <Unit12>
        <Filename Value="../../../Programs/lazarus/lazarus/lcl/include/control.inc"/>
        <WindowIndex Value="0"/>
        <TopLine Value="3130"/>
        <CursorPos X="1" Y="3150"/>
        <UsageCount Value="9"/>
        <DefaultSyntaxHighlighter Value="Delphi"/>
      </Unit12>
      <Unit13>
        <Filename Value="settings.pas"/>
        <ComponentName Value="frmSettings"/>
        <HasResources Value="True"/>
        <ResourceBaseClass Value="Form"/>
        <UnitName Value="settings"/>
        <WindowIndex Value="0"/>
        <TopLine Value="22"/>
        <CursorPos X="32" Y="19"/>
        <UsageCount Value="52"/>
        <DefaultSyntaxHighlighter Value="Delphi"/>
      </Unit13>
      <Unit14>
        <Filename Value="../../../Programs/lazarus/lazarus/lcl/customtimer.pas"/>
        <UnitName Value="CustomTimer"/>
        <WindowIndex Value="0"/>
        <TopLine Value="174"/>
        <CursorPos X="1" Y="182"/>
        <UsageCount Value="11"/>
        <DefaultSyntaxHighlighter Value="Delphi"/>
      </Unit14>
      <Unit15>
        <Filename Value="/usr/share/fpcsrc/2.4.2/rtl/objpas/sysutils/finah.inc"/>
        <WindowIndex Value="0"/>
        <TopLine Value="3"/>
        <CursorPos X="23" Y="23"/>
        <UsageCount Value="10"/>
        <DefaultSyntaxHighlighter Value="Delphi"/>
      </Unit15>
      <Unit16>
        <Filename Value="alarm.pas"/>
        <IsPartOfProject Value="True"/>
        <UnitName Value="alarm"/>
        <EditorIndex Value="18"/>
        <WindowIndex Value="0"/>
        <TopLine Value="128"/>
        <CursorPos X="69" Y="159"/>
        <UsageCount Value="53"/>
        <Loaded Value="True"/>
        <DefaultSyntaxHighlighter Value="Delphi"/>
      </Unit16>
      <Unit17>
        <Filename Value="clockmain.pas"/>
        <IsPartOfProject Value="True"/>
        <ComponentName Value="frmClockMain"/>
        <HasResources Value="True"/>
        <ResourceBaseClass Value="Form"/>
        <UnitName Value="ClockMain"/>
        <EditorIndex Value="5"/>
        <WindowIndex Value="0"/>
        <TopLine Value="1274"/>
        <CursorPos X="1" Y="1319"/>
        <UsageCount Value="53"/>
        <Loaded Value="True"/>
        <LoadedDesigner Value="True"/>
        <DefaultSyntaxHighlighter Value="Delphi"/>
      </Unit17>
      <Unit18>
        <Filename Value="clocksettings.pas"/>
        <IsPartOfProject Value="True"/>
        <ComponentName Value="frmClockSettings"/>
        <HasResources Value="True"/>
        <ResourceBaseClass Value="Form"/>
        <UnitName Value="ClockSettings"/>
        <EditorIndex Value="17"/>
        <WindowIndex Value="0"/>
        <TopLine Value="84"/>
        <CursorPos X="34" Y="157"/>
        <UsageCount Value="53"/>
        <Loaded Value="True"/>
        <DefaultSyntaxHighlighter Value="Delphi"/>
      </Unit18>
      <Unit19>
        <Filename Value="metoffice.pas"/>
        <IsPartOfProject Value="True"/>
        <UnitName Value="MetOffice"/>
        <EditorIndex Value="14"/>
        <WindowIndex Value="0"/>
        <TopLine Value="510"/>
        <CursorPos X="74" Y="541"/>
        <UsageCount Value="53"/>
        <Loaded Value="True"/>
        <DefaultSyntaxHighlighter Value="Delphi"/>
      </Unit19>
      <Unit20>
        <Filename Value="../Clock/clockmain.pas"/>
        <ComponentName Value="frmClockMain"/>
        <HasResources Value="True"/>
        <ResourceBaseClass Value="Form"/>
        <UnitName Value="ClockMain"/>
        <WindowIndex Value="0"/>
        <TopLine Value="28"/>
        <CursorPos X="1" Y="54"/>
        <UsageCount Value="9"/>
        <DefaultSyntaxHighlighter Value="Delphi"/>
      </Unit20>
      <Unit21>
        <Filename Value="../../../lazarus/lcl/include/customform.inc"/>
        <EditorIndex Value="16"/>
        <WindowIndex Value="0"/>
        <TopLine Value="140"/>
        <CursorPos X="1" Y="161"/>
        <UsageCount Value="11"/>
        <Loaded Value="True"/>
        <DefaultSyntaxHighlighter Value="Delphi"/>
      </Unit21>
      <Unit22>
        <Filename Value="reminders.pas"/>
        <IsPartOfProject Value="True"/>
        <ComponentName Value="frmReminders"/>
        <HasResources Value="True"/>
        <ResourceBaseClass Value="Form"/>
        <UnitName Value="Reminders"/>
        <EditorIndex Value="6"/>
        <WindowIndex Value="0"/>
        <TopLine Value="78"/>
        <CursorPos X="1" Y="86"/>
        <UsageCount Value="49"/>
        <Loaded Value="True"/>
        <LoadedDesigner Value="True"/>
        <DefaultSyntaxHighlighter Value="Delphi"/>
      </Unit22>
      <Unit23>
        <Filename Value="findpicsthread.pas"/>
        <IsPartOfProject Value="True"/>
        <UnitName Value="FindPicsThread"/>
        <IsVisibleTab Value="True"/>
        <EditorIndex Value="1"/>
        <WindowIndex Value="0"/>
        <TopLine Value="63"/>
        <CursorPos X="1" Y="79"/>
        <UsageCount Value="30"/>
        <Loaded Value="True"/>
        <DefaultSyntaxHighlighter Value="Delphi"/>
      </Unit23>
      <Unit24>
        <Filename Value="udpserver.pas"/>
        <IsPartOfProject Value="True"/>
        <UnitName Value="udpserver"/>
        <EditorIndex Value="2"/>
        <WindowIndex Value="0"/>
        <TopLine Value="79"/>
        <CursorPos X="26" Y="82"/>
        <UsageCount Value="31"/>
        <Loaded Value="True"/>
        <DefaultSyntaxHighlighter Value="Delphi"/>
      </Unit24>
      <Unit25>
        <Filename Value="../../../lazarus/lcl/include/control.inc"/>
        <EditorIndex Value="7"/>
        <WindowIndex Value="0"/>
        <TopLine Value="3624"/>
        <CursorPos X="1" Y="3640"/>
        <UsageCount Value="10"/>
        <Loaded Value="True"/>
        <DefaultSyntaxHighlighter Value="Delphi"/>
      </Unit25>
      <Unit26>
        <Filename Value="../../../lazarus/fpc/2.6.0/rtl/inc/objpas.inc"/>
        <WindowIndex Value="0"/>
        <TopLine Value="491"/>
        <CursorPos X="1" Y="509"/>
        <UsageCount Value="20"/>
        <DefaultSyntaxHighlighter Value="Delphi"/>
      </Unit26>
      <Unit27>
        <Filename Value="../../../lazarus/lcl/include/wincontrol.inc"/>
        <WindowIndex Value="0"/>
        <TopLine Value="7152"/>
        <CursorPos X="1" Y="7165"/>
        <UsageCount Value="9"/>
        <DefaultSyntaxHighlighter Value="Delphi"/>
      </Unit27>
      <Unit28>
        <Filename Value="../../../lazarus/lcl/lclmessageglue.pas"/>
        <UnitName Value="LCLMessageGlue"/>
        <WindowIndex Value="0"/>
        <TopLine Value="105"/>
        <CursorPos X="1" Y="121"/>
        <UsageCount Value="9"/>
      </Unit28>
      <Unit29>
        <Filename Value="../../../lazarus/lcl/interfaces/gtk2/gtk2proc.inc"/>
        <WindowIndex Value="0"/>
        <TopLine Value="3545"/>
        <CursorPos X="1" Y="3558"/>
        <UsageCount Value="9"/>
      </Unit29>
      <Unit30>
        <Filename Value="../../../lazarus/lcl/interfaces/gtk2/gtk2callback.inc"/>
        <WindowIndex Value="0"/>
        <TopLine Value="2856"/>
        <CursorPos X="1" Y="2876"/>
        <UsageCount Value="10"/>
      </Unit30>
      <Unit31>
        <Filename Value="../../../lazarus/lcl/interfaces/gtk2/gtk2widgetset.inc"/>
        <WindowIndex Value="0"/>
        <TopLine Value="2375"/>
        <CursorPos X="1" Y="2391"/>
        <UsageCount Value="10"/>
      </Unit31>
      <Unit32>
        <Filename Value="id3engine.pas"/>
        <UnitName Value="ID3Engine"/>
        <WindowIndex Value="0"/>
        <TopLine Value="1070"/>
        <CursorPos X="1" Y="1082"/>
        <UsageCount Value="9"/>
        <DefaultSyntaxHighlighter Value="Delphi"/>
      </Unit32>
      <Unit33>
        <Filename Value="musicplayer.pas"/>
        <IsPartOfProject Value="True"/>
        <UnitName Value="MusicPlayer"/>
        <EditorIndex Value="19"/>
        <WindowIndex Value="0"/>
        <TopLine Value="211"/>
        <CursorPos X="63" Y="222"/>
        <UsageCount Value="30"/>
        <Loaded Value="True"/>
        <DefaultSyntaxHighlighter Value="Delphi"/>
      </Unit33>
      <Unit34>
        <Filename Value="../../../lazarus/lcl/include/application.inc"/>
        <WindowIndex Value="0"/>
        <TopLine Value="1037"/>
        <CursorPos X="1" Y="1049"/>
        <UsageCount Value="10"/>
        <DefaultSyntaxHighlighter Value="Delphi"/>
      </Unit34>
      <Unit35>
        <Filename Value="../../../lazarus/fpc/2.6.0/rtl/objpas/sysutils/dati.inc"/>
        <WindowIndex Value="0"/>
        <TopLine Value="225"/>
        <CursorPos X="1" Y="240"/>
        <UsageCount Value="9"/>
        <DefaultSyntaxHighlighter Value="Delphi"/>
      </Unit35>
      <Unit36>
        <Filename Value="../../../lazarus/fpc/2.6.0/rtl/unix/sysutils.pp"/>
        <UnitName Value="sysutils"/>
        <WindowIndex Value="0"/>
        <TopLine Value="1079"/>
        <CursorPos X="1" Y="1094"/>
        <UsageCount Value="9"/>
        <DefaultSyntaxHighlighter Value="Delphi"/>
      </Unit36>
      <Unit37>
        <Filename Value="../../../lazarus/lcl/include/spinedit.inc"/>
        <WindowIndex Value="0"/>
        <TopLine Value="223"/>
        <CursorPos X="1" Y="235"/>
        <UsageCount Value="9"/>
        <DefaultSyntaxHighlighter Value="Delphi"/>
      </Unit37>
      <Unit38>
        <Filename Value="/usr/share/fpcsrc/2.6.0/packages/x11/src/xlib.pp"/>
        <UnitName Value="xlib"/>
        <WindowIndex Value="0"/>
        <TopLine Value="799"/>
        <CursorPos X="12" Y="810"/>
        <UsageCount Value="11"/>
        <DefaultSyntaxHighlighter Value="Delphi"/>
      </Unit38>
      <Unit39>
        <Filename Value="images/aqua-blue-button-no-shadow.svg"/>
        <WindowIndex Value="0"/>
        <TopLine Value="1"/>
        <CursorPos X="1" Y="1"/>
        <UsageCount Value="9"/>
        <DefaultSyntaxHighlighter Value="None"/>
      </Unit39>
      <Unit40>
        <Filename Value="reminderlist.lfm"/>
        <WindowIndex Value="0"/>
        <TopLine Value="1"/>
        <CursorPos X="1" Y="1"/>
        <UsageCount Value="10"/>
        <DefaultSyntaxHighlighter Value="LFM"/>
      </Unit40>
      <Unit41>
        <Filename Value="reminderlist.pas"/>
        <IsPartOfProject Value="True"/>
        <ComponentName Value="frmReminderList"/>
        <HasResources Value="True"/>
        <ResourceBaseClass Value="Form"/>
        <UnitName Value="ReminderList"/>
        <EditorIndex Value="13"/>
        <WindowIndex Value="0"/>
        <TopLine Value="97"/>
        <CursorPos X="1" Y="123"/>
        <UsageCount Value="30"/>
        <Loaded Value="True"/>
        <DefaultSyntaxHighlighter Value="Delphi"/>
      </Unit41>
      <Unit42>
        <Filename Value="udpcommandserver.pas"/>
        <IsPartOfProject Value="True"/>
        <UnitName Value="udpcommandserver"/>
        <EditorIndex Value="12"/>
        <WindowIndex Value="0"/>
        <TopLine Value="53"/>
        <CursorPos X="3" Y="53"/>
        <UsageCount Value="30"/>
        <Loaded Value="True"/>
        <DefaultSyntaxHighlighter Value="Delphi"/>
      </Unit42>
      <Unit43>
        <Filename Value="music.pas"/>
        <IsPartOfProject Value="True"/>
        <UnitName Value="music"/>
        <EditorIndex Value="10"/>
        <WindowIndex Value="0"/>
        <TopLine Value="105"/>
        <CursorPos X="17" Y="116"/>
        <UsageCount Value="30"/>
        <Loaded Value="True"/>
        <DefaultSyntaxHighlighter Value="Delphi"/>
      </Unit43>
      <Unit44>
        <Filename Value="black.pas"/>
        <IsPartOfProject Value="True"/>
        <ComponentName Value="frmBlack"/>
        <HasResources Value="True"/>
        <ResourceBaseClass Value="Form"/>
        <UnitName Value="black"/>
        <EditorIndex Value="11"/>
        <WindowIndex Value="0"/>
        <TopLine Value="8"/>
        <CursorPos X="27" Y="24"/>
        <UsageCount Value="35"/>
        <Loaded Value="True"/>
        <DefaultSyntaxHighlighter Value="Delphi"/>
      </Unit44>
      <Unit45>
        <Filename Value="../../../lazarus/lcl/controls.pp"/>
        <UnitName Value="Controls"/>
        <WindowIndex Value="0"/>
        <TopLine Value="2063"/>
        <CursorPos X="14" Y="2077"/>
        <UsageCount Value="11"/>
      </Unit45>
      <Unit46>
        <Filename Value="/usr/share/fpcsrc/2.6.0/packages/gtk2/src/gtk+/gtk/gtkwidget.inc"/>
        <WindowIndex Value="0"/>
        <TopLine Value="1"/>
        <CursorPos X="4" Y="5"/>
        <UsageCount Value="10"/>
        <DefaultSyntaxHighlighter Value="Delphi"/>
      </Unit46>
      <Unit47>
        <Filename Value="sync.pas"/>
        <IsPartOfProject Value="True"/>
        <UnitName Value="sync"/>
        <EditorIndex Value="8"/>
        <WindowIndex Value="0"/>
        <TopLine Value="45"/>
        <CursorPos X="48" Y="46"/>
        <UsageCount Value="30"/>
        <Loaded Value="True"/>
        <DefaultSyntaxHighlighter Value="Delphi"/>
      </Unit47>
      <Unit48>
        <Filename Value="udpclient.pas"/>
        <IsPartOfProject Value="True"/>
        <UnitName Value="udpclient"/>
        <EditorIndex Value="9"/>
        <WindowIndex Value="0"/>
        <TopLine Value="111"/>
        <CursorPos X="22" Y="111"/>
        <UsageCount Value="30"/>
        <Loaded Value="True"/>
        <DefaultSyntaxHighlighter Value="Delphi"/>
      </Unit48>
      <Unit49>
        <Filename Value="../../../lazarus/lcl/customtimer.pas"/>
        <UnitName Value="CustomTimer"/>
        <WindowIndex Value="0"/>
        <TopLine Value="141"/>
        <CursorPos X="1" Y="157"/>
        <UsageCount Value="11"/>
      </Unit49>
      <Unit50>
        <Filename Value="synapse/source/lib/blcksock.pas"/>
        <UnitName Value="blcksock"/>
        <EditorIndex Value="3"/>
        <WindowIndex Value="0"/>
        <TopLine Value="430"/>
        <CursorPos X="31" Y="430"/>
        <UsageCount Value="13"/>
        <Loaded Value="True"/>
        <DefaultSyntaxHighlighter Value="Delphi"/>
      </Unit50>
      <Unit51>
        <Filename Value="waitformedia.pas"/>
        <IsPartOfProject Value="True"/>
        <ComponentName Value="frmWaitForMedia"/>
        <ResourceBaseClass Value="Form"/>
        <UnitName Value="WaitForMedia"/>
        <EditorIndex Value="4"/>
        <WindowIndex Value="0"/>
        <TopLine Value="34"/>
        <CursorPos X="1" Y="59"/>
        <UsageCount Value="23"/>
        <Loaded Value="True"/>
        <DefaultSyntaxHighlighter Value="Delphi"/>
      </Unit51>
    </Units>
    <JumpHistory Count="30" HistoryIndex="29">
      <Position1>
        <Filename Value="findpicsthread.pas"/>
        <Caret Line="111" Column="1" TopLine="85"/>
      </Position1>
      <Position2>
        <Filename Value="findpicsthread.pas"/>
        <Caret Line="108" Column="1" TopLine="85"/>
      </Position2>
      <Position3>
        <Filename Value="findpicsthread.pas"/>
        <Caret Line="93" Column="1" TopLine="85"/>
      </Position3>
      <Position4>
        <Filename Value="findpicsthread.pas"/>
        <Caret Line="94" Column="1" TopLine="85"/>
      </Position4>
      <Position5>
        <Filename Value="findpicsthread.pas"/>
        <Caret Line="95" Column="1" TopLine="85"/>
      </Position5>
      <Position6>
        <Filename Value="findpicsthread.pas"/>
        <Caret Line="107" Column="1" TopLine="85"/>
      </Position6>
      <Position7>
        <Filename Value="findpicsthread.pas"/>
        <Caret Line="93" Column="1" TopLine="85"/>
      </Position7>
      <Position8>
        <Filename Value="findpicsthread.pas"/>
        <Caret Line="107" Column="1" TopLine="85"/>
      </Position8>
      <Position9>
        <Filename Value="findpicsthread.pas"/>
        <Caret Line="93" Column="1" TopLine="85"/>
      </Position9>
      <Position10>
        <Filename Value="findpicsthread.pas"/>
        <Caret Line="107" Column="1" TopLine="85"/>
      </Position10>
      <Position11>
        <Filename Value="findpicsthread.pas"/>
        <Caret Line="93" Column="1" TopLine="85"/>
      </Position11>
      <Position12>
        <Filename Value="findpicsthread.pas"/>
        <Caret Line="107" Column="1" TopLine="85"/>
      </Position12>
      <Position13>
        <Filename Value="findpicsthread.pas"/>
        <Caret Line="93" Column="1" TopLine="85"/>
      </Position13>
      <Position14>
        <Filename Value="findpicsthread.pas"/>
        <Caret Line="107" Column="1" TopLine="85"/>
      </Position14>
      <Position15>
        <Filename Value="findpicsthread.pas"/>
        <Caret Line="93" Column="1" TopLine="57"/>
      </Position15>
      <Position16>
        <Filename Value="main.pas"/>
        <Caret Line="235" Column="19" TopLine="214"/>
      </Position16>
      <Position17>
        <Filename Value="main.pas"/>
        <Caret Line="236" Column="19" TopLine="214"/>
      </Position17>
      <Position18>
        <Filename Value="main.pas"/>
        <Caret Line="1" Column="1" TopLine="1"/>
      </Position18>
      <Position19>
        <Filename Value="main.pas"/>
        <Caret Line="36" Column="15" TopLine="10"/>
      </Position19>
      <Position20>
        <Filename Value="main.pas"/>
        <Caret Line="97" Column="25" TopLine="83"/>
      </Position20>
      <Position21>
        <Filename Value="main.pas"/>
        <Caret Line="99" Column="33" TopLine="83"/>
      </Position21>
      <Position22>
        <Filename Value="main.pas"/>
        <Caret Line="101" Column="17" TopLine="83"/>
      </Position22>
      <Position23>
        <Filename Value="main.pas"/>
        <Caret Line="102" Column="17" TopLine="83"/>
      </Position23>
      <Position24>
        <Filename Value="main.pas"/>
        <Caret Line="103" Column="17" TopLine="83"/>
      </Position24>
      <Position25>
        <Filename Value="main.pas"/>
        <Caret Line="105" Column="17" TopLine="83"/>
      </Position25>
      <Position26>
        <Filename Value="findpicsthread.pas"/>
        <Caret Line="66" Column="1" TopLine="45"/>
      </Position26>
      <Position27>
        <Filename Value="findpicsthread.pas"/>
        <Caret Line="62" Column="1" TopLine="45"/>
      </Position27>
      <Position28>
        <Filename Value="findpicsthread.pas"/>
        <Caret Line="68" Column="1" TopLine="45"/>
      </Position28>
      <Position29>
        <Filename Value="findpicsthread.pas"/>
        <Caret Line="62" Column="1" TopLine="45"/>
      </Position29>
      <Position30>
        <Filename Value="findthread.pas"/>
        <Caret Line="91" Column="3" TopLine="56"/>
      </Position30>
    </JumpHistory>
  </ProjectOptions>
  <CompilerOptions>
    <Version Value="11"/>
    <SearchPaths>
      <IncludeFiles Value="$(ProjOutDir)"/>
      <OtherUnitFiles Value="synapse/source/lib"/>
      <UnitOutputDirectory Value="build"/>
    </SearchPaths>
    <Parsing>
      <SyntaxOptions>
        <SyntaxMode Value="Delphi"/>
        <UseAnsiStrings Value="False"/>
      </SyntaxOptions>
    </Parsing>
    <CodeGeneration>
      <Optimizations>
        <OptimizationLevel Value="0"/>
      </Optimizations>
    </CodeGeneration>
    <Linking>
      <LinkSmart Value="True"/>
    </Linking>
    <Other>
      <CompilerMessages>
        <UseMsgFile Value="True"/>
      </CompilerMessages>
      <CompilerPath Value="$(CompPath)"/>
    </Other>
  </CompilerOptions>
  <Debugging>
    <BreakPoints Count="4">
      <Item1>
        <Kind Value="bpkSource"/>
        <WatchScope Value="wpsLocal"/>
        <WatchKind Value="wpkWrite"/>
        <Source Value="clockmain.pas"/>
        <Line Value="983"/>
      </Item1>
      <Item2>
        <Kind Value="bpkSource"/>
        <WatchScope Value="wpsLocal"/>
        <WatchKind Value="wpkWrite"/>
        <Source Value="clockmain.pas"/>
        <Line Value="939"/>
      </Item2>
      <Item3>
        <Kind Value="bpkSource"/>
        <WatchScope Value="wpsLocal"/>
        <WatchKind Value="wpkWrite"/>
        <Source Value="clockmain.pas"/>
        <Line Value="1218"/>
      </Item3>
      <Item4>
        <Kind Value="bpkSource"/>
        <WatchScope Value="wpsLocal"/>
        <WatchKind Value="wpkWrite"/>
        <Source Value="clockmain.pas"/>
        <Line Value="1266"/>
      </Item4>
    </BreakPoints>
    <Exceptions Count="6">
      <Item1>
        <Name Value="EAbort"/>
      </Item1>
      <Item2>
        <Name Value="ECodetoolError"/>
      </Item2>
      <Item3>
        <Name Value="EFOpenError"/>
      </Item3>
      <Item4>
        <Name Value="EStringListError"/>
      </Item4>
      <Item5>
        <Name Value="EProcess"/>
      </Item5>
      <Item6>
        <Name Value="EIPCError"/>
      </Item6>
    </Exceptions>
  </Debugging>
</CONFIG>
